
Microsoft Visual Studio Solution File, Format Version 12.00
# Visual Studio Version 17
VisualStudioVersion = 17.6.33829.357
MinimumVisualStudioVersion = 10.0.40219.1
Project("{9A19103F-16F7-4668-BE54-9A1E7A4F7556}") = "backend", "backend\backend.csproj", "{2B297827-5CA6-4A85-8FEA-72C2666406A6}"
EndProject
Project("{E53339B2-1760-4266-BCC7-CA923CBCF16C}") = "docker-compose", "docker-compose.dcproj", "{CBAD1B5D-200A-47DE-9C59-3DB7C669C4D2}"
EndProject
Global
	GlobalSection(SolutionConfigurationPlatforms) = preSolution
		Debug|Any CPU = Debug|Any CPU
		Release|Any CPU = Release|Any CPU
	EndGlobalSection
	GlobalSection(ProjectConfigurationPlatforms) = postSolution
		{2B297827-5CA6-4A85-8FEA-72C2666406A6}.Debug|Any CPU.ActiveCfg = Debug|Any CPU
		{2B297827-5CA6-4A85-8FEA-72C2666406A6}.Debug|Any CPU.Build.0 = Debug|Any CPU
		{2B297827-5CA6-4A85-8FEA-72C2666406A6}.Release|Any CPU.ActiveCfg = Release|Any CPU
		{2B297827-5CA6-4A85-8FEA-72C2666406A6}.Release|Any CPU.Build.0 = Release|Any CPU
		{CBAD1B5D-200A-47DE-9C59-3DB7C669C4D2}.Debug|Any CPU.ActiveCfg = Debug|Any CPU
		{CBAD1B5D-200A-47DE-9C59-3DB7C669C4D2}.Debug|Any CPU.Build.0 = Debug|Any CPU
		{CBAD1B5D-200A-47DE-9C59-3DB7C669C4D2}.Release|Any CPU.ActiveCfg = Release|Any CPU
		{CBAD1B5D-200A-47DE-9C59-3DB7C669C4D2}.Release|Any CPU.Build.0 = Release|Any CPU
	EndGlobalSection
	GlobalSection(SolutionProperties) = preSolution
		HideSolutionNode = FALSE
	EndGlobalSection
	GlobalSection(ExtensibilityGlobals) = postSolution
		SolutionGuid = {15935532-414C-4B71-8FD6-37C3E6FED5C5}
	EndGlobalSection
EndGlobal
